github.com/zenazn/goji #2ab51bb36071e4db7059f65deb2a981740f87656
github.com/jinzhu/gorm #6a00344355577859ce7f7b533dc62526992dfeeb
github.com/hawx/img/exif #63f07f082424649aa90c8e0f30c847f9df656314
gopkg.in/yaml.v1 #1b9791953ba4027efaeb728c7355e542a203be5e
github.com/hawx/hadfield #90d2aa2014cf0e1763efddfaf8585469692d2318
github.com/nfnt/resize #be07665345c75eb9e3e97df744e8f29f1148395d
code.google.com/p/go.image #e492ffa4cad4d945baf6c597b52a306618e6f80a
github.com/lib/pq #3e0659e626f761e9af7a8bd1c8b6aaea6770495b
github.com/shaoshing/train #9168e9603431570245c742cff975651af5fbcf94
